
Microsoft Visual Studio Solution File, Format Version 12.00
Project("{FAE04EC0-301F-11D3-BF4B-00C04F79EFBC}") = "VotingAPI", "VotingAPI\VotingAPI.csproj", "{090DC863-D6ED-4FCE-AD9B-D8E9215FFA16}"
EndProject
Project("{FAE04EC0-301F-11D3-BF4B-00C04F79EFBC}") = "VotingAutomation", "VotingAutomation\VotingAutomation.csproj", "{44A0C73E-9B4F-4EB7-BD46-18C60EE4FE8A}"
EndProject
Project("{FAE04EC0-301F-11D3-BF4B-00C04F79EFBC}") = "VotingTest", "VotingTest\VotingTest.csproj", "{2592849A-34DA-4CCC-883C-B2C8BEA6CC39}"
EndProject
Project("{FAE04EC0-301F-11D3-BF4B-00C04F79EFBC}") = "VotingModels", "VotingModels\VotingModels.csproj", "{65097836-4366-4DAD-9ED8-AD78A97A8E21}"
EndProject
Global
	GlobalSection(SolutionConfigurationPlatforms) = preSolution
		Debug|Any CPU = Debug|Any CPU
		Release|Any CPU = Release|Any CPU
	EndGlobalSection
	GlobalSection(ProjectConfigurationPlatforms) = postSolution
		{090DC863-D6ED-4FCE-AD9B-D8E9215FFA16}.Debug|Any CPU.ActiveCfg = Debug|Any CPU
		{090DC863-D6ED-4FCE-AD9B-D8E9215FFA16}.Debug|Any CPU.Build.0 = Debug|Any CPU
		{090DC863-D6ED-4FCE-AD9B-D8E9215FFA16}.Release|Any CPU.ActiveCfg = Release|Any CPU
		{090DC863-D6ED-4FCE-AD9B-D8E9215FFA16}.Release|Any CPU.Build.0 = Release|Any CPU
		{44A0C73E-9B4F-4EB7-BD46-18C60EE4FE8A}.Debug|Any CPU.ActiveCfg = Debug|Any CPU
		{44A0C73E-9B4F-4EB7-BD46-18C60EE4FE8A}.Debug|Any CPU.Build.0 = Debug|Any CPU
		{44A0C73E-9B4F-4EB7-BD46-18C60EE4FE8A}.Release|Any CPU.ActiveCfg = Release|Any CPU
		{44A0C73E-9B4F-4EB7-BD46-18C60EE4FE8A}.Release|Any CPU.Build.0 = Release|Any CPU
		{2592849A-34DA-4CCC-883C-B2C8BEA6CC39}.Debug|Any CPU.ActiveCfg = Debug|Any CPU
		{2592849A-34DA-4CCC-883C-B2C8BEA6CC39}.Debug|Any CPU.Build.0 = Debug|Any CPU
		{2592849A-34DA-4CCC-883C-B2C8BEA6CC39}.Release|Any CPU.ActiveCfg = Release|Any CPU
		{2592849A-34DA-4CCC-883C-B2C8BEA6CC39}.Release|Any CPU.Build.0 = Release|Any CPU
		{65097836-4366-4DAD-9ED8-AD78A97A8E21}.Debug|Any CPU.ActiveCfg = Debug|Any CPU
		{65097836-4366-4DAD-9ED8-AD78A97A8E21}.Debug|Any CPU.Build.0 = Debug|Any CPU
		{65097836-4366-4DAD-9ED8-AD78A97A8E21}.Release|Any CPU.ActiveCfg = Release|Any CPU
		{65097836-4366-4DAD-9ED8-AD78A97A8E21}.Release|Any CPU.Build.0 = Release|Any CPU
	EndGlobalSection
EndGlobal
